github.com/cenkalti/backoff/v4 v4.2.1 h1:y4OZtCnogmCPw98Zjyt5a6+QwPLGkiQsYW5oUqylYbM=
github.com/cenkalti/backoff/v4 v4.2.1/go.mod h1:Y3VNntkOUPxTVeUxJ/G5vcM//AlwfmyYozVcomhLiZE=
github.com/davecgh/go-spew v1.1.1 h1:vj9j/u1bqnvCEfJOwUhtlOARqs3+rkHYY13jYWTU97c=
github.com/davecgh/go-spew v1.1.1/go.mod h1:J7Y8YcW2NihsgmVo/mv3lAwl/skON4iLHjSsI+c5H38=
github.com/disgoorg/json v1.1.0 h1:7xigHvomlVA9PQw9bMGO02PHGJJPqvX5AnwlYg/Tnys=
github.com/disgoorg/json v1.1.0/go.mod h1:BHDwdde0rpQFDVsRLKhma6Y7fTbQKub/zdGO5O9NqqA=
github.com/disgoorg/log v1.2.1 h1:kZYAWkUBcGy4LbZcgYtgYu49xNVLy+xG5Uq3yz5VVQs=
github.com/disgoorg/log v1.2.1/go.mod h1:hhQWYTFTnIGzAuFPZyXJEi11IBm9wq+/TVZt/FEwX0o=
github.com/disgoorg/snowflake/v2 v2.0.1 h1:CuUxGLwggUxEswZOmZ+mZ5i0xSumQdXW9tXW7uGqe+0=
github.com/disgoorg/snowflake/v2 v2.0.1/go.mod h1:SPU9c2CNn5DSyb86QcKtdZgix9osEtKrHLW4rMhfLCs=
github.com/felixge/httpsnoop v1.0.4 h1:NFTV2Zj1bL4mc9sqWACXbQFVBBg2W3GPvqp8/ESS2Wg=
github.com/felixge/httpsnoop v1.0.4/go.mod h1:m8KPJKqk1gH5J9DgRY2ASl2lWCfGKXixSwevea8zH2U=
github.com/go-logr/logr v1.2.2/go.mod h1:jdQByPbusPIv2/zmleS9BjJVeZ6kBagPoEUsqbVz/1A=
github.com/go-logr/logr v1.4.1 h1:pKouT5E8xu9zeFC39JXRDukb6JFQPXM5p5I91188VAQ=
github.com/go-logr/logr v1.4.1/go.mod h1:9T104GzyrTigFIr8wt5mBrctHMim0Nb2HLGrmQ40KvY=
github.com/go-logr/stdr v1.2.2 h1:hSWxHoqTgW2S2qGc0LTAI563KZ5YKYRhT3MFKZMbjag=
github.com/go-logr/stdr v1.2.2/go.mod h1:mMo/vtBO5dYbehREoey6XUKy/eSumjCCveDpRre4VKE=
github.com/golang/protobuf v1.5.0/go.mod h1:FsONVRAS9T7sI+LIUmWTfcYkHO4aIWwzhcaSAoJOfIk=
github.com/golang/protobuf v1.5.3 h1:KhyjKVUg7Usr/dYsdSqoFveMYd5ko72D+zANwlG1mmg=
github.com/golang/protobuf v1.5.3/go.mod h1:XVQd3VNwM+JqD3oG2Ue2ip4fOMUkwXdXDdiuN0vRsmY=
github.com/google/go-cmp v0.5.5/go.mod h1:v8dTdLbMG2kIc/vJvl+f65V22dbkXbowE6jgT/gNBxE=
github.com/google/go-cmp v0.6.0 h1:ofyhxvXcZhMsU5ulbFiLKl/XBFqE1GSq7atu8tAmTRI=
github.com/google/go-cmp v0.6.0/go.mod h1:17dUlkBOakJ0+DkrSSNjCkIjxS6bF9zb3elmeNGIjoY=
github.com/gorilla/websocket v1.5.1 h1:gmztn0JnHVt9JZquRuzLw3g4wouNVzKL15iLr/zn/QY=
github.com/gorilla/websocket v1.5.1/go.mod h1:x3kM2JMyaluk02fnUJpQuwD2dCS5NDG2ZHL0uE0tcaY=
github.com/grpc-ecosystem/grpc-gateway/v2 v2.19.1 h1:/c3QmbOGMGTOumP2iT/rCwB7b0QDGLKzqOmktBjT+Is=
github.com/grpc-ecosystem/grpc-gateway/v2 v2.19.1/go.mod h1:5SN9VR2LTsRFsrEC6FHgRbTWrTHu6tqPeKxEQv15giM=
github.com/pmezard/go-difflib v1.0.0 h1:4DBwDE0NGyQoBHbLQYPwSUPoCMWR5BEzIk/f1lZbAQM=
github.com/pmezard/go-difflib v1.0.0/go.mod h1:iKH77koFhYxTK1pcRnkKkqfTogsbg7gZNVY4sRDYZ/4=
github.com/sasha-s/go-csync v0.0.0-20240107134140-fcbab37b09ad h1:qIQkSlF5vAUHxEmTbaqt1hkJ/t6skqEGYiMag343ucI=
github.com/sasha-s/go-csync v0.0.0-20240107134140-fcbab37b09ad/go.mod h1:/pA7k3zsXKdjjAiUhB5CjuKib9KJGCaLvZwtxGC8U0s=
github.com/stretchr/testify v1.8.4 h1:CcVxjf3Q8PM0mHUKJCdn+eZZtm5yQwehR5yeSVQQcUk=
github.com/stretchr/testify v1.8.4/go.mod h1:sz/lmYIOXD/1dqDmKjjqLyZ2RngseejIcXlSw2iwfAo=
go.opentelemetry.io/contrib/instrumentation/net/http/otelhttp v0.48.0 h1:doUP+ExOpH3spVTLS0FcWGLnQrPct/hD/bCPbDRUEAU=
go.opentelemetry.io/contrib/instrumentation/net/http/otelhttp v0.48.0/go.mod h1:rdENBZMT2OE6Ne/KLwpiXudnAsbdrdBaqBvTN8M8BgA=
go.opentelemetry.io/otel v1.23.1 h1:Za4UzOqJYS+MUczKI320AtqZHZb7EqxO00jAHE0jmQY=
go.opentelemetry.io/otel v1.23.1/go.mod h1:Td0134eafDLcTS4y+zQ26GE8u3dEuRBiBCTUIRHaikA=
go.opentelemetry.io/otel/exporters/otlp/otlptrace v1.23.1 h1:o8iWeVFa1BcLtVEV0LzrCxV2/55tB3xLxADr6Kyoey4=
go.opentelemetry.io/otel/exporters/otlp/otlptrace v1.23.1/go.mod h1:SEVfdK4IoBnbT2FXNM/k8yC08MrfbhWk3U4ljM8B3HE=
go.opentelemetry.io/otel/exporters/otlp/otlptrace/otlptracehttp v1.23.1 h1:cfuy3bXmLJS7M1RZmAL6SuhGtKUp2KEsrm00OlAXkq4=
go.opentelemetry.io/otel/exporters/otlp/otlptrace/otlptracehttp v1.23.1/go.mod h1:22jr92C6KwlwItJmQzfixzQM3oyyuYLCfHiMY+rpsPU=
go.opentelemetry.io/otel/metric v1.23.1 h1:PQJmqJ9u2QaJLBOELl1cxIdPcpbwzbkjfEyelTl2rlo=
go.opentelemetry.io/otel/metric v1.23.1/go.mod h1:mpG2QPlAfnK8yNhNJAxDZruU9Y1/HubbC+KyH8FaCWI=
go.opentelemetry.io/otel/sdk v1.23.1 h1:O7JmZw0h76if63LQdsBMKQDWNb5oEcOThG9IrxscV+E=
go.opentelemetry.io/otel/sdk v1.23.1/go.mod h1:LzdEVR5am1uKOOwfBWFef2DCi1nu3SA8XQxx2IerWFk=
go.opentelemetry.io/otel/trace v1.23.1 h1:4LrmmEd8AU2rFvU1zegmvqW7+kWarxtNOPyeL6HmYY8=
go.opentelemetry.io/otel/trace v1.23.1/go.mod h1:4IpnpJFwr1mo/6HL8XIPJaE9y0+u1KcVmuW7dwFSVrI=
go.opentelemetry.io/proto/otlp v1.1.0 h1:2Di21piLrCqJ3U3eXGCTPHE9R8Nh+0uglSnOyxikMeI=
go.opentelemetry.io/proto/otlp v1.1.0/go.mod h1:GpBHCBWiqvVLDqmHZsoMM3C5ySeKTC7ej/RNTae6MdY=
golang.org/x/crypto v0.19.0 h1:ENy+Az/9Y1vSrlrvBSyna3PITt4tiZLf7sgCjZBX7Wo=
golang.org/x/crypto v0.19.0/go.mod h1:Iy9bg/ha4yyC70EfRS8jz+B6ybOBKMaSxLj6P6oBDfU=
golang.org/x/net v0.20.0 h1:aCL9BSgETF1k+blQaYUBx9hJ9LOGP3gAVemcZlf1Kpo=
golang.org/x/net v0.20.0/go.mod h1:z8BVo6PvndSri0LbOE3hAn0apkU+1YvI6E70E9jsnvY=
golang.org/x/sys v0.17.0 h1:25cE3gD+tdBA7lp7QfhuV+rJiE9YXTcS3VG1SqssI/Y=
golang.org/x/sys v0.17.0/go.mod h1:/VUhepiaJMQUp4+oa/7Zr1D23ma6VTLIYjOOTFZPUcA=
golang.org/x/text v0.14.0 h1:ScX5w1eTa3QqT8oi6+ziP7dTV1S2+ALU0bI+0zXKWiQ=
golang.org/x/text v0.14.0/go.mod h1:18ZOQIKpY8NJVqYksKHtTdi31H5itFRjB5/qKTNYzSU=
golang.org/x/xerrors v0.0.0-20191204190536-9bdfabe68543/go.mod h1:I/5z698sn9Ka8TeJc9MKroUUfqBBauWjQqLJ2OPfmY0=
google.golang.org/genproto v0.0.0-20240205150955-31a09d347014 h1:g/4bk7P6TPMkAUbUhquq98xey1slwvuVJPosdBqYJlU=
google.golang.org/genproto v0.0.0-20240205150955-31a09d347014/go.mod h1:xEgQu1e4stdSSsxPDK8Azkrk/ECl5HvdPf6nbZrTS5M=
google.golang.org/genproto/googleapis/api v0.0.0-20240205150955-31a09d347014 h1:x9PwdEgd11LgK+orcck69WVRo7DezSO4VUMPI4xpc8A=
google.golang.org/genproto/googleapis/api v0.0.0-20240205150955-31a09d347014/go.mod h1:rbHMSEDyoYX62nRVLOCc4Qt1HbsdytAYoVwgjiOhF3I=
google.golang.org/genproto/googleapis/rpc v0.0.0-20240205150955-31a09d347014 h1:FSL3lRCkhaPFxqi0s9o+V4UI2WTzAVOvkgbd4kVV4Wg=
google.golang.org/genproto/googleapis/rpc v0.0.0-20240205150955-31a09d347014/go.mod h1:SaPjaZGWb0lPqs6Ittu0spdfrOArqji4ZdeP5IC/9N4=
google.golang.org/grpc v1.61.0 h1:TOvOcuXn30kRao+gfcvsebNEa5iZIiLkisYEkf7R7o0=
google.golang.org/grpc v1.61.0/go.mod h1:VUbo7IFqmF1QtCAstipjG0GIoq49KvMe9+h1jFLBNJs=
google.golang.org/protobuf v1.26.0-rc.1/go.mod h1:jlhhOSvTdKEhbULTjvd4ARK9grFBp09yW+WbY/TyQbw=
google.golang.org/protobuf v1.26.0/go.mod h1:9q0QmTI4eRPtz6boOQmLYwt+qCgq0jsYwAQnmE0givc=
google.golang.org/protobuf v1.32.0 h1:pPC6BG5ex8PDFnkbrGU3EixyhKcQ2aDuBS36lqK/C7I=
google.golang.org/protobuf v1.32.0/go.mod h1:c6P6GXX6sHbq/GpV6MGZEdwhWPcYBgnhAHhKbcUYpos=
gopkg.in/yaml.v3 v3.0.1 h1:fxVm/GzAzEWqLHuvctI91KS9hhNmmWOoWu0XTYJS7CA=
gopkg.in/yaml.v3 v3.0.1/go.mod h1:K4uyk7z7BCEPqu6E+C64Yfv1cQ7kz7rIZviUmN+EgEM=
