github.com/davecgh/go-spew v1.1.1 h1:vj9j/u1bqnvCEfJOwUhtlOARqs3+rkHYY13jYWTU97c=
github.com/disgoorg/disgo v0.16.8 h1:tvUeX+3Iu8U6koDc8RAgcQadRciWJwsI95Y7edHqq2g=
github.com/disgoorg/disgo v0.16.8/go.mod h1:5fsaUpfu6Yv0p+PfmsAeQkV395KQskVu/d1bdq8vsNI=
github.com/disgoorg/json v1.1.0 h1:7xigHvomlVA9PQw9bMGO02PHGJJPqvX5AnwlYg/Tnys=
github.com/disgoorg/json v1.1.0/go.mod h1:BHDwdde0rpQFDVsRLKhma6Y7fTbQKub/zdGO5O9NqqA=
github.com/disgoorg/log v1.2.1 h1:kZYAWkUBcGy4LbZcgYtgYu49xNVLy+xG5Uq3yz5VVQs=
github.com/disgoorg/log v1.2.1/go.mod h1:hhQWYTFTnIGzAuFPZyXJEi11IBm9wq+/TVZt/FEwX0o=
github.com/disgoorg/snowflake/v2 v2.0.1 h1:CuUxGLwggUxEswZOmZ+mZ5i0xSumQdXW9tXW7uGqe+0=
github.com/disgoorg/snowflake/v2 v2.0.1/go.mod h1:SPU9c2CNn5DSyb86QcKtdZgix9osEtKrHLW4rMhfLCs=
github.com/gorilla/websocket v1.5.0 h1:PPwGk2jz7EePpoHN/+ClbZu8SPxiqlu12wZP/3sWmnc=
github.com/gorilla/websocket v1.5.0/go.mod h1:YR8l580nyteQvAITg2hZ9XVh4b55+EU/adAjf1fMHhE=
github.com/oasisprotocol/curve25519-voi v0.0.0-20230110094441-db37f07504ce h1:/pEpMk55wH0X+E5zedGEMOdLuWmV8P4+4W3+LZaM6kg=
github.com/oasisprotocol/curve25519-voi v0.0.0-20230110094441-db37f07504ce/go.mod h1:hVoHR2EVESiICEMbg137etN/Lx+lSrHPTD39Z/uE+2s=
github.com/pmezard/go-difflib v1.0.0 h1:4DBwDE0NGyQoBHbLQYPwSUPoCMWR5BEzIk/f1lZbAQM=
github.com/sasha-s/go-csync v0.0.0-20210812194225-61421b77c44b h1:qYTY2tN72LhgDj2rtWG+LI6TXFl2ygFQQ4YezfVaGQE=
github.com/sasha-s/go-csync v0.0.0-20210812194225-61421b77c44b/go.mod h1:/pA7k3zsXKdjjAiUhB5CjuKib9KJGCaLvZwtxGC8U0s=
github.com/stretchr/testify v1.8.1 h1:w7B6lhMri9wdJUVmEZPGGhZzrYTPvgJArz7wNPgYKsk=
golang.org/x/crypto v0.12.0 h1:tFM/ta59kqch6LlvYnPa0yx5a83cL2nHflFhYKvv9Yk=
golang.org/x/crypto v0.12.0/go.mod h1:NF0Gs7EO5K4qLn+Ylc+fih8BSTeIjAP05siRnAh98yw=
golang.org/x/exp v0.0.0-20230801115018-d63ba01acd4b h1:r+vk0EmXNmekl0S0BascoeeoHk/L7wmaW2QF90K+kYI=
golang.org/x/exp v0.0.0-20230801115018-d63ba01acd4b/go.mod h1:FXUEEKJgO7OQYeo8N01OfiKP8RXMtf6e8aTskBGqWdc=
golang.org/x/sys v0.11.0 h1:eG7RXZHdqOJ1i+0lgLgCpSXAp6M3LYlAo6osgSi0xOM=
golang.org/x/sys v0.11.0/go.mod h1:oPkhp1MJrh7nUepCBck5+mAzfO9JrbApNNgaTdGDITg=
gopkg.in/yaml.v3 v3.0.1 h1:fxVm/GzAzEWqLHuvctI91KS9hhNmmWOoWu0XTYJS7CA=
